
Microsoft Visual Studio Solution File, Format Version 12.00
# Visual Studio Version 17
VisualStudioVersion = 17.13.35931.197 d17.13
MinimumVisualStudioVersion = 10.0.40219.1
Project("{FAE04EC0-301F-11D3-BF4B-00C04F79EFBC}") = "CustomerFeedbackPortal", "CustomerFeedbackPortal\CustomerFeedbackPortal.csproj", "{D68BB700-FC38-4615-90CA-A22263C39A4B}"
EndProject
Global
	GlobalSection(SolutionConfigurationPlatforms) = preSolution
		Debug|Any CPU = Debug|Any CPU
		Release|Any CPU = Release|Any CPU
	EndGlobalSection
	GlobalSection(ProjectConfigurationPlatforms) = postSolution
		{D68BB700-FC38-4615-90CA-A22263C39A4B}.Debug|Any CPU.ActiveCfg = Debug|Any CPU
		{D68BB700-FC38-4615-90CA-A22263C39A4B}.Debug|Any CPU.Build.0 = Debug|Any CPU
		{D68BB700-FC38-4615-90CA-A22263C39A4B}.Release|Any CPU.ActiveCfg = Release|Any CPU
		{D68BB700-FC38-4615-90CA-A22263C39A4B}.Release|Any CPU.Build.0 = Release|Any CPU
	EndGlobalSection
	GlobalSection(SolutionProperties) = preSolution
		HideSolutionNode = FALSE
	EndGlobalSection
	GlobalSection(ExtensibilityGlobals) = postSolution
		SolutionGuid = {7CAA6104-04A1-44AC-894A-7AC2EF7C9688}
	EndGlobalSection
EndGlobal
